
Microsoft Visual Studio Solution File, Format Version 12.00
# Visual Studio Version 17
VisualStudioVersion = 17.13.35806.99
MinimumVisualStudioVersion = 10.0.40219.1
Project("{FAE04EC0-301F-11D3-BF4B-00C04F79EFBC}") = "ProyectoPWvehiculos", "ProyectoPWvehiculos\ProyectoPWvehiculos.csproj", "{E558E78D-9E08-4ED2-8994-64CC16083626}"
EndProject
Global
	GlobalSection(SolutionConfigurationPlatforms) = preSolution
		Debug|Any CPU = Debug|Any CPU
		Release|Any CPU = Release|Any CPU
	EndGlobalSection
	GlobalSection(ProjectConfigurationPlatforms) = postSolution
		{E558E78D-9E08-4ED2-8994-64CC16083626}.Debug|Any CPU.ActiveCfg = Debug|Any CPU
		{E558E78D-9E08-4ED2-8994-64CC16083626}.Debug|Any CPU.Build.0 = Debug|Any CPU
		{E558E78D-9E08-4ED2-8994-64CC16083626}.Release|Any CPU.ActiveCfg = Release|Any CPU
		{E558E78D-9E08-4ED2-8994-64CC16083626}.Release|Any CPU.Build.0 = Release|Any CPU
	EndGlobalSection
	GlobalSection(SolutionProperties) = preSolution
		HideSolutionNode = FALSE
	EndGlobalSection
	GlobalSection(ExtensibilityGlobals) = postSolution
		SolutionGuid = {8BE66F14-618F-455B-B8D7-0DE97A7A0C66}
	EndGlobalSection
EndGlobal
